
Microsoft Visual Studio Solution File, Format Version 12.00
# Visual Studio Version 17
VisualStudioVersion = 17.10.35122.118
MinimumVisualStudioVersion = 10.0.40219.1
Project("{FAE04EC0-301F-11D3-BF4B-00C04F79EFBC}") = "AddressBook", "AddressBook\AddressBook.csproj", "{3531F6B2-88D0-4C2B-9CAB-A8EA379F9B9B}"
EndProject
Global
	GlobalSection(SolutionConfigurationPlatforms) = preSolution
		Debug|Any CPU = Debug|Any CPU
		Release|Any CPU = Release|Any CPU
	EndGlobalSection
	GlobalSection(ProjectConfigurationPlatforms) = postSolution
		{3531F6B2-88D0-4C2B-9CAB-A8EA379F9B9B}.Debug|Any CPU.ActiveCfg = Debug|Any CPU
		{3531F6B2-88D0-4C2B-9CAB-A8EA379F9B9B}.Debug|Any CPU.Build.0 = Debug|Any CPU
		{3531F6B2-88D0-4C2B-9CAB-A8EA379F9B9B}.Release|Any CPU.ActiveCfg = Release|Any CPU
		{3531F6B2-88D0-4C2B-9CAB-A8EA379F9B9B}.Release|Any CPU.Build.0 = Release|Any CPU
	EndGlobalSection
	GlobalSection(SolutionProperties) = preSolution
		HideSolutionNode = FALSE
	EndGlobalSection
	GlobalSection(ExtensibilityGlobals) = postSolution
		SolutionGuid = {FA1DA8E9-CD73-461F-8EBE-F8ED1E9488BA}
	EndGlobalSection
EndGlobal
